golang.org/x/image v0.33.0 h1:LXRZRnv1+zGd5XBUVRFmYEphyyKJjQjCRiOuAP3sZfQ=
golang.org/x/image v0.33.0/go.mod h1:DD3OsTYT9chzuzTQt+zMcOlBHgfoKQb1gry8p76Y1sc=
zappem.net/pub/graphics/hershey v0.5.6 h1:E5/AXbln3ezfUCAoZH4lP8anAjJ7729vxt6iHOg3pf0=
zappem.net/pub/graphics/hershey v0.5.6/go.mod h1:XJSqOc14jKbhx0zXl76XwVGxd0J60dU2MXmInCvTVuU=
zappem.net/pub/graphics/polymark v0.6.2 h1:kOt4lxTKX5HdGyO87bCRTJt036AYT4RapO+MmCtPH2o=
zappem.net/pub/graphics/polymark v0.6.2/go.mod h1:5LA/BHzUNx6oTd9CQG5YcRQp6FmFxpEpNPcinQ1JIiM=
zappem.net/pub/graphics/raster v0.7.0 h1:ZwN1QCDDT+BuQIe5+G8WdUCaMzAtUvFX9FbaddtqapM=
zappem.net/pub/graphics/raster v0.7.0/go.mod h1:sZP5CyRMDntlQQYrDzinmD505/9JbwXoAI3HoulnDvs=
zappem.net/pub/math/geom v0.6.1 h1:1sRrUtBy3MOLllcmgozF3qDRo786KjPjbAo0CBvNKGI=
zappem.net/pub/math/geom v0.6.1/go.mod h1:J278I+LwpHrPJsQVEGq8AEi6wdAVMrK7VUsvQ+vbGKM=
zappem.net/pub/math/polygon v0.9.7 h1:1mZ/yj8sttfusm9K+kXmBmw8Li7Mtjl4B0n9g8Y/gnY=
zappem.net/pub/math/polygon v0.9.7/go.mod h1:u6/3+TRLWGqqVIgArTaWPpZQDgg4O6YP51AUjjMYUG8=
