golang.org/x/image v0.39.0 h1:skVYidAEVKgn8lZ602XO75asgXBgLj9G/FE3RbuPFww=
golang.org/x/image v0.39.0/go.mod h1:sIbmppfU+xFLPIG0FoVUTvyBMmgng1/XAMhQ2ft0hpA=
zappem.net/pub/graphics/hershey v0.6.0 h1:cMugJUvQdVAsXN1cqbfMaQIrlFH+f0VIaErFQcFcvdQ=
zappem.net/pub/graphics/hershey v0.6.0/go.mod h1:XJSqOc14jKbhx0zXl76XwVGxd0J60dU2MXmInCvTVuU=
zappem.net/pub/graphics/polymark v0.6.8 h1:+iZHaDa+8dMzXjOXmvaNLkqiG+Hm2WP/Uy2swZWEWa8=
zappem.net/pub/graphics/polymark v0.6.8/go.mod h1:poZu7dUDL7biX08z80f5ZJ69PKD17HrPSkW7tfgfNNs=
zappem.net/pub/graphics/raster v0.7.0 h1:ZwN1QCDDT+BuQIe5+G8WdUCaMzAtUvFX9FbaddtqapM=
zappem.net/pub/graphics/raster v0.7.0/go.mod h1:sZP5CyRMDntlQQYrDzinmD505/9JbwXoAI3HoulnDvs=
zappem.net/pub/math/geom v0.6.1 h1:1sRrUtBy3MOLllcmgozF3qDRo786KjPjbAo0CBvNKGI=
zappem.net/pub/math/geom v0.6.1/go.mod h1:J278I+LwpHrPJsQVEGq8AEi6wdAVMrK7VUsvQ+vbGKM=
zappem.net/pub/math/polygon v0.9.14 h1:IDQFIfbb8RxdtBh+lPdM4JBkbY9+dQ4n9jN0+GazOL0=
zappem.net/pub/math/polygon v0.9.14/go.mod h1:u6/3+TRLWGqqVIgArTaWPpZQDgg4O6YP51AUjjMYUG8=
