golang.org/x/image v0.33.0 h1:LXRZRnv1+zGd5XBUVRFmYEphyyKJjQjCRiOuAP3sZfQ=
golang.org/x/image v0.33.0/go.mod h1:DD3OsTYT9chzuzTQt+zMcOlBHgfoKQb1gry8p76Y1sc=
zappem.net/pub/graphics/hershey v0.6.0 h1:cMugJUvQdVAsXN1cqbfMaQIrlFH+f0VIaErFQcFcvdQ=
zappem.net/pub/graphics/hershey v0.6.0/go.mod h1:XJSqOc14jKbhx0zXl76XwVGxd0J60dU2MXmInCvTVuU=
zappem.net/pub/graphics/polymark v0.6.5 h1:sbieMHgIHid2xE4dWnkhzg5XExc62tO50EQuw5mbM20=
zappem.net/pub/graphics/polymark v0.6.5/go.mod h1:FF32lT33t684rAXnToGAMe3QBHPjQZ0Taz3R7k89M4Q=
zappem.net/pub/graphics/raster v0.7.0 h1:ZwN1QCDDT+BuQIe5+G8WdUCaMzAtUvFX9FbaddtqapM=
zappem.net/pub/graphics/raster v0.7.0/go.mod h1:sZP5CyRMDntlQQYrDzinmD505/9JbwXoAI3HoulnDvs=
zappem.net/pub/math/geom v0.6.1 h1:1sRrUtBy3MOLllcmgozF3qDRo786KjPjbAo0CBvNKGI=
zappem.net/pub/math/geom v0.6.1/go.mod h1:J278I+LwpHrPJsQVEGq8AEi6wdAVMrK7VUsvQ+vbGKM=
zappem.net/pub/math/polygon v0.9.11 h1:P4uQ45JKKmNDnKJ5lyhzZmEUAEe59Ecxs/RxBZt+qoU=
zappem.net/pub/math/polygon v0.9.11/go.mod h1:u6/3+TRLWGqqVIgArTaWPpZQDgg4O6YP51AUjjMYUG8=
